
Microsoft Visual Studio Solution File, Format Version 12.00
# Visual Studio Version 16
VisualStudioVersion = 16.0.29411.108
MinimumVisualStudioVersion = 10.0.40219.1
Project("{F14B399A-7131-4C87-9E4B-1186C45EF12D}") = "Task3.SSRS", "Task3.SSRS\Task3.SSRS.rptproj", "{D18D779F-7F90-42F8-AD21-C26950767956}"
EndProject
Global
	GlobalSection(SolutionConfigurationPlatforms) = preSolution
		Debug|Default = Debug|Default
		DebugLocal|Default = DebugLocal|Default
		Release|Default = Release|Default
	EndGlobalSection
	GlobalSection(ProjectConfigurationPlatforms) = postSolution
		{D18D779F-7F90-42F8-AD21-C26950767956}.Debug|Default.ActiveCfg = Debug
		{D18D779F-7F90-42F8-AD21-C26950767956}.Debug|Default.Build.0 = Debug
		{D18D779F-7F90-42F8-AD21-C26950767956}.Debug|Default.Deploy.0 = Debug
		{D18D779F-7F90-42F8-AD21-C26950767956}.DebugLocal|Default.ActiveCfg = DebugLocal
		{D18D779F-7F90-42F8-AD21-C26950767956}.DebugLocal|Default.Build.0 = DebugLocal
		{D18D779F-7F90-42F8-AD21-C26950767956}.Release|Default.ActiveCfg = Release
		{D18D779F-7F90-42F8-AD21-C26950767956}.Release|Default.Build.0 = Release
		{D18D779F-7F90-42F8-AD21-C26950767956}.Release|Default.Deploy.0 = Release
	EndGlobalSection
	GlobalSection(SolutionProperties) = preSolution
		HideSolutionNode = FALSE
	EndGlobalSection
	GlobalSection(ExtensibilityGlobals) = postSolution
		SolutionGuid = {2B290D81-63B5-4378-9C4D-0A57A6C5169B}
	EndGlobalSection
EndGlobal
